
Microsoft Visual Studio Solution File, Format Version 11.00
# Visual Studio 2010
Project("{8BC9CEB8-8B4A-11D0-8D11-00A0C91BC942}") = "3d", "3d.vcxproj", "{6AAF85D6-2821-448B-8DD4-7661BEBF2AFC}"
EndProject
Project("{8BC9CEB8-8B4A-11D0-8D11-00A0C91BC942}") = "asyncio", "asyncio.vcxproj", "{60ED4BEB-BFC4-434F-83F4-F09FAB8CD3F8}"
EndProject
Project("{8BC9CEB8-8B4A-11D0-8D11-00A0C91BC942}") = "channel_groups", "channel_groups.vcxproj", "{675DCC13-B3CA-4CAC-B264-6940E8911476}"
EndProject
Project("{8BC9CEB8-8B4A-11D0-8D11-00A0C91BC942}") = "convolution_reverb", "convolution_reverb.vcxproj", "{7ADCCE71-C63E-49C8-9ABF-A11F24F15697}"
EndProject
Project("{8BC9CEB8-8B4A-11D0-8D11-00A0C91BC942}") = "dsp_custom", "dsp_custom.vcxproj", "{98C3D8F4-1466-4684-B65E-0313D09BF40C}"
EndProject
Project("{8BC9CEB8-8B4A-11D0-8D11-00A0C91BC942}") = "dsp_effect_per_speaker", "dsp_effect_per_speaker.vcxproj", "{F9A499F6-7325-4E8E-9C26-5A2B9976DFD6}"
EndProject
Project("{8BC9CEB8-8B4A-11D0-8D11-00A0C91BC942}") = "dsp_inspector", "dsp_inspector.vcxproj", "{78E1E935-E56D-4E1A-90C1-5CE8AC88A273}"
EndProject
Project("{8BC9CEB8-8B4A-11D0-8D11-00A0C91BC942}") = "effects", "effects.vcxproj", "{CD89FEDC-179F-4642-85EB-26B58A3C9B0C}"
EndProject
Project("{8BC9CEB8-8B4A-11D0-8D11-00A0C91BC942}") = "gapless_playback", "gapless_playback.vcxproj", "{608D6912-9DDD-41EF-8995-54B58147AD73}"
EndProject
Project("{8BC9CEB8-8B4A-11D0-8D11-00A0C91BC942}") = "generate_tone", "generate_tone.vcxproj", "{CFBB62E2-7BB9-4BC1-9CBB-2CCB2530E4D5}"
EndProject
Project("{8BC9CEB8-8B4A-11D0-8D11-00A0C91BC942}") = "granular_synth", "granular_synth.vcxproj", "{2CC3AA4C-A112-4274-9082-20D66E506C08}"
EndProject
Project("{8BC9CEB8-8B4A-11D0-8D11-00A0C91BC942}") = "load_from_memory", "load_from_memory.vcxproj", "{050562E7-DE66-47B2-8276-DA98EEF8632A}"
EndProject
Project("{8BC9CEB8-8B4A-11D0-8D11-00A0C91BC942}") = "multiple_speaker", "multiple_speaker.vcxproj", "{5DBE225B-EB78-4C5C-A64D-8B01A68F7E4B}"
EndProject
Project("{8BC9CEB8-8B4A-11D0-8D11-00A0C91BC942}") = "multiple_system", "multiple_system.vcxproj", "{A4F086C8-D194-495C-86AB-0F4864083F58}"
EndProject
Project("{8BC9CEB8-8B4A-11D0-8D11-00A0C91BC942}") = "net_stream", "net_stream.vcxproj", "{AFE42005-42E1-4A20-B4CD-4F1E3BCA2350}"
EndProject
Project("{8BC9CEB8-8B4A-11D0-8D11-00A0C91BC942}") = "play_sound", "play_sound.vcxproj", "{52A6F0C0-CE90-4C95-AE38-1D3A725D3C1F}"
EndProject
Project("{8BC9CEB8-8B4A-11D0-8D11-00A0C91BC942}") = "play_stream", "play_stream.vcxproj", "{FFE26425-6351-4FE3-8C97-799B62698178}"
EndProject
Project("{8BC9CEB8-8B4A-11D0-8D11-00A0C91BC942}") = "record", "record.vcxproj", "{271CE263-864B-4E09-9D51-1C61BC78BD8D}"
EndProject
Project("{8BC9CEB8-8B4A-11D0-8D11-00A0C91BC942}") = "record_enumeration", "record_enumeration.vcxproj", "{34F977AE-AF15-4E5F-8173-1DB5067352D6}"
EndProject
Project("{8BC9CEB8-8B4A-11D0-8D11-00A0C91BC942}") = "user_created_sound", "user_created_sound.vcxproj", "{CACE208F-7392-4D86-B2C1-2848F80B9E9C}"
EndProject
Project("{8BC9CEB8-8B4A-11D0-8D11-00A0C91BC942}") = "fmod_codec_raw", "fmod_codec_raw.vcxproj", "{B0ADAD0B-2543-4036-BFA0-E45733F7A3AC}"
EndProject
Project("{8BC9CEB8-8B4A-11D0-8D11-00A0C91BC942}") = "fmod_distance_filter", "fmod_distance_filter.vcxproj", "{B3A648D8-7313-4036-B802-C7DD260B0180}"
EndProject
Project("{8BC9CEB8-8B4A-11D0-8D11-00A0C91BC942}") = "fmod_gain", "fmod_gain.vcxproj", "{37012490-5552-4FE5-AE5B-A76D716A0CCA}"
EndProject
Project("{8BC9CEB8-8B4A-11D0-8D11-00A0C91BC942}") = "fmod_noise", "fmod_noise.vcxproj", "{D29648B7-755D-43B4-BE4D-CF955A5F7C20}"
EndProject
Project("{8BC9CEB8-8B4A-11D0-8D11-00A0C91BC942}") = "output_mp3", "output_mp3.vcxproj", "{CD38A586-CDEC-428F-8607-2EF37B9B0CFD}"
EndProject
Global
	GlobalSection(SolutionConfigurationPlatforms) = preSolution
		Debug|Win32 = Debug|Win32
		Debug|x64 = Debug|x64
		Release|Win32 = Release|Win32
		Release|x64 = Release|x64
	EndGlobalSection
	GlobalSection(ProjectConfigurationPlatforms) = postSolution
		{6AAF85D6-2821-448B-8DD4-7661BEBF2AFC}.Debug|Win32.ActiveCfg = Debug|Win32
		{6AAF85D6-2821-448B-8DD4-7661BEBF2AFC}.Debug|Win32.Build.0 = Debug|Win32
		{6AAF85D6-2821-448B-8DD4-7661BEBF2AFC}.Debug|Win32.Deploy.0 = Debug|Win32
		{6AAF85D6-2821-448B-8DD4-7661BEBF2AFC}.Debug|x64.ActiveCfg = Debug|x64
		{6AAF85D6-2821-448B-8DD4-7661BEBF2AFC}.Debug|x64.Build.0 = Debug|x64
		{6AAF85D6-2821-448B-8DD4-7661BEBF2AFC}.Debug|x64.Deploy.0 = Debug|x64
		{6AAF85D6-2821-448B-8DD4-7661BEBF2AFC}.Release|Win32.ActiveCfg = Release|Win32
		{6AAF85D6-2821-448B-8DD4-7661BEBF2AFC}.Release|Win32.Build.0 = Release|Win32
		{6AAF85D6-2821-448B-8DD4-7661BEBF2AFC}.Release|Win32.Deploy.0 = Release|Win32
		{6AAF85D6-2821-448B-8DD4-7661BEBF2AFC}.Release|x64.ActiveCfg = Release|x64
		{6AAF85D6-2821-448B-8DD4-7661BEBF2AFC}.Release|x64.Build.0 = Release|x64
		{6AAF85D6-2821-448B-8DD4-7661BEBF2AFC}.Release|x64.Deploy.0 = Release|x64
		{60ED4BEB-BFC4-434F-83F4-F09FAB8CD3F8}.Debug|Win32.ActiveCfg = Debug|Win32
		{60ED4BEB-BFC4-434F-83F4-F09FAB8CD3F8}.Debug|Win32.Build.0 = Debug|Win32
		{60ED4BEB-BFC4-434F-83F4-F09FAB8CD3F8}.Debug|Win32.Deploy.0 = Debug|Win32
		{60ED4BEB-BFC4-434F-83F4-F09FAB8CD3F8}.Debug|x64.ActiveCfg = Debug|x64
		{60ED4BEB-BFC4-434F-83F4-F09FAB8CD3F8}.Debug|x64.Build.0 = Debug|x64
		{60ED4BEB-BFC4-434F-83F4-F09FAB8CD3F8}.Debug|x64.Deploy.0 = Debug|x64
		{60ED4BEB-BFC4-434F-83F4-F09FAB8CD3F8}.Release|Win32.ActiveCfg = Release|Win32
		{60ED4BEB-BFC4-434F-83F4-F09FAB8CD3F8}.Release|Win32.Build.0 = Release|Win32
		{60ED4BEB-BFC4-434F-83F4-F09FAB8CD3F8}.Release|Win32.Deploy.0 = Release|Win32
		{60ED4BEB-BFC4-434F-83F4-F09FAB8CD3F8}.Release|x64.ActiveCfg = Release|x64
		{60ED4BEB-BFC4-434F-83F4-F09FAB8CD3F8}.Release|x64.Build.0 = Release|x64
		{60ED4BEB-BFC4-434F-83F4-F09FAB8CD3F8}.Release|x64.Deploy.0 = Release|x64
		{675DCC13-B3CA-4CAC-B264-6940E8911476}.Debug|Win32.ActiveCfg = Debug|Win32
		{675DCC13-B3CA-4CAC-B264-6940E8911476}.Debug|Win32.Build.0 = Debug|Win32
		{675DCC13-B3CA-4CAC-B264-6940E8911476}.Debug|Win32.Deploy.0 = Debug|Win32
		{675DCC13-B3CA-4CAC-B264-6940E8911476}.Debug|x64.ActiveCfg = Debug|x64
		{675DCC13-B3CA-4CAC-B264-6940E8911476}.Debug|x64.Build.0 = Debug|x64
		{675DCC13-B3CA-4CAC-B264-6940E8911476}.Debug|x64.Deploy.0 = Debug|x64
		{675DCC13-B3CA-4CAC-B264-6940E8911476}.Release|Win32.ActiveCfg = Release|Win32
		{675DCC13-B3CA-4CAC-B264-6940E8911476}.Release|Win32.Build.0 = Release|Win32
		{675DCC13-B3CA-4CAC-B264-6940E8911476}.Release|Win32.Deploy.0 = Release|Win32
		{675DCC13-B3CA-4CAC-B264-6940E8911476}.Release|x64.ActiveCfg = Release|x64
		{675DCC13-B3CA-4CAC-B264-6940E8911476}.Release|x64.Build.0 = Release|x64
		{675DCC13-B3CA-4CAC-B264-6940E8911476}.Release|x64.Deploy.0 = Release|x64
		{7ADCCE71-C63E-49C8-9ABF-A11F24F15697}.Debug|Win32.ActiveCfg = Debug|Win32
		{7ADCCE71-C63E-49C8-9ABF-A11F24F15697}.Debug|Win32.Build.0 = Debug|Win32
		{7ADCCE71-C63E-49C8-9ABF-A11F24F15697}.Debug|Win32.Deploy.0 = Debug|Win32
		{7ADCCE71-C63E-49C8-9ABF-A11F24F15697}.Debug|x64.ActiveCfg = Debug|x64
		{7ADCCE71-C63E-49C8-9ABF-A11F24F15697}.Debug|x64.Build.0 = Debug|x64
		{7ADCCE71-C63E-49C8-9ABF-A11F24F15697}.Debug|x64.Deploy.0 = Debug|x64
		{7ADCCE71-C63E-49C8-9ABF-A11F24F15697}.Release|Win32.ActiveCfg = Release|Win32
		{7ADCCE71-C63E-49C8-9ABF-A11F24F15697}.Release|Win32.Build.0 = Release|Win32
		{7ADCCE71-C63E-49C8-9ABF-A11F24F15697}.Release|Win32.Deploy.0 = Release|Win32
		{7ADCCE71-C63E-49C8-9ABF-A11F24F15697}.Release|x64.ActiveCfg = Release|x64
		{7ADCCE71-C63E-49C8-9ABF-A11F24F15697}.Release|x64.Build.0 = Release|x64
		{7ADCCE71-C63E-49C8-9ABF-A11F24F15697}.Release|x64.Deploy.0 = Release|x64
		{98C3D8F4-1466-4684-B65E-0313D09BF40C}.Debug|Win32.ActiveCfg = Debug|Win32
		{98C3D8F4-1466-4684-B65E-0313D09BF40C}.Debug|Win32.Build.0 = Debug|Win32
		{98C3D8F4-1466-4684-B65E-0313D09BF40C}.Debug|Win32.Deploy.0 = Debug|Win32
		{98C3D8F4-1466-4684-B65E-0313D09BF40C}.Debug|x64.ActiveCfg = Debug|x64
		{98C3D8F4-1466-4684-B65E-0313D09BF40C}.Debug|x64.Build.0 = Debug|x64
		{98C3D8F4-1466-4684-B65E-0313D09BF40C}.Debug|x64.Deploy.0 = Debug|x64
		{98C3D8F4-1466-4684-B65E-0313D09BF40C}.Release|Win32.ActiveCfg = Release|Win32
		{98C3D8F4-1466-4684-B65E-0313D09BF40C}.Release|Win32.Build.0 = Release|Win32
		{98C3D8F4-1466-4684-B65E-0313D09BF40C}.Release|Win32.Deploy.0 = Release|Win32
		{98C3D8F4-1466-4684-B65E-0313D09BF40C}.Release|x64.ActiveCfg = Release|x64
		{98C3D8F4-1466-4684-B65E-0313D09BF40C}.Release|x64.Build.0 = Release|x64
		{98C3D8F4-1466-4684-B65E-0313D09BF40C}.Release|x64.Deploy.0 = Release|x64
		{F9A499F6-7325-4E8E-9C26-5A2B9976DFD6}.Debug|Win32.ActiveCfg = Debug|Win32
		{F9A499F6-7325-4E8E-9C26-5A2B9976DFD6}.Debug|Win32.Build.0 = Debug|Win32
		{F9A499F6-7325-4E8E-9C26-5A2B9976DFD6}.Debug|Win32.Deploy.0 = Debug|Win32
		{F9A499F6-7325-4E8E-9C26-5A2B9976DFD6}.Debug|x64.ActiveCfg = Debug|x64
		{F9A499F6-7325-4E8E-9C26-5A2B9976DFD6}.Debug|x64.Build.0 = Debug|x64
		{F9A499F6-7325-4E8E-9C26-5A2B9976DFD6}.Debug|x64.Deploy.0 = Debug|x64
		{F9A499F6-7325-4E8E-9C26-5A2B9976DFD6}.Release|Win32.ActiveCfg = Release|Win32
		{F9A499F6-7325-4E8E-9C26-5A2B9976DFD6}.Release|Win32.Build.0 = Release|Win32
		{F9A499F6-7325-4E8E-9C26-5A2B9976DFD6}.Release|Win32.Deploy.0 = Release|Win32
		{F9A499F6-7325-4E8E-9C26-5A2B9976DFD6}.Release|x64.ActiveCfg = Release|x64
		{F9A499F6-7325-4E8E-9C26-5A2B9976DFD6}.Release|x64.Build.0 = Release|x64
		{F9A499F6-7325-4E8E-9C26-5A2B9976DFD6}.Release|x64.Deploy.0 = Release|x64
		{78E1E935-E56D-4E1A-90C1-5CE8AC88A273}.Debug|Win32.ActiveCfg = Debug|Win32
		{78E1E935-E56D-4E1A-90C1-5CE8AC88A273}.Debug|Win32.Build.0 = Debug|Win32
		{78E1E935-E56D-4E1A-90C1-5CE8AC88A273}.Debug|Win32.Deploy.0 = Debug|Win32
		{78E1E935-E56D-4E1A-90C1-5CE8AC88A273}.Debug|x64.ActiveCfg = Debug|x64
		{78E1E935-E56D-4E1A-90C1-5CE8AC88A273}.Debug|x64.Build.0 = Debug|x64
		{78E1E935-E56D-4E1A-90C1-5CE8AC88A273}.Debug|x64.Deploy.0 = Debug|x64
		{78E1E935-E56D-4E1A-90C1-5CE8AC88A273}.Release|Win32.ActiveCfg = Release|Win32
		{78E1E935-E56D-4E1A-90C1-5CE8AC88A273}.Release|Win32.Build.0 = Release|Win32
		{78E1E935-E56D-4E1A-90C1-5CE8AC88A273}.Release|Win32.Deploy.0 = Release|Win32
		{78E1E935-E56D-4E1A-90C1-5CE8AC88A273}.Release|x64.ActiveCfg = Release|x64
		{78E1E935-E56D-4E1A-90C1-5CE8AC88A273}.Release|x64.Build.0 = Release|x64
		{78E1E935-E56D-4E1A-90C1-5CE8AC88A273}.Release|x64.Deploy.0 = Release|x64
		{CD89FEDC-179F-4642-85EB-26B58A3C9B0C}.Debug|Win32.ActiveCfg = Debug|Win32
		{CD89FEDC-179F-4642-85EB-26B58A3C9B0C}.Debug|Win32.Build.0 = Debug|Win32
		{CD89FEDC-179F-4642-85EB-26B58A3C9B0C}.Debug|Win32.Deploy.0 = Debug|Win32
		{CD89FEDC-179F-4642-85EB-26B58A3C9B0C}.Debug|x64.ActiveCfg = Debug|x64
		{CD89FEDC-179F-4642-85EB-26B58A3C9B0C}.Debug|x64.Build.0 = Debug|x64
		{CD89FEDC-179F-4642-85EB-26B58A3C9B0C}.Debug|x64.Deploy.0 = Debug|x64
		{CD89FEDC-179F-4642-85EB-26B58A3C9B0C}.Release|Win32.ActiveCfg = Release|Win32
		{CD89FEDC-179F-4642-85EB-26B58A3C9B0C}.Release|Win32.Build.0 = Release|Win32
		{CD89FEDC-179F-4642-85EB-26B58A3C9B0C}.Release|Win32.Deploy.0 = Release|Win32
		{CD89FEDC-179F-4642-85EB-26B58A3C9B0C}.Release|x64.ActiveCfg = Release|x64
		{CD89FEDC-179F-4642-85EB-26B58A3C9B0C}.Release|x64.Build.0 = Release|x64
		{CD89FEDC-179F-4642-85EB-26B58A3C9B0C}.Release|x64.Deploy.0 = Release|x64
		{608D6912-9DDD-41EF-8995-54B58147AD73}.Debug|Win32.ActiveCfg = Debug|Win32
		{608D6912-9DDD-41EF-8995-54B58147AD73}.Debug|Win32.Build.0 = Debug|Win32
		{608D6912-9DDD-41EF-8995-54B58147AD73}.Debug|Win32.Deploy.0 = Debug|Win32
		{608D6912-9DDD-41EF-8995-54B58147AD73}.Debug|x64.ActiveCfg = Debug|x64
		{608D6912-9DDD-41EF-8995-54B58147AD73}.Debug|x64.Build.0 = Debug|x64
		{608D6912-9DDD-41EF-8995-54B58147AD73}.Debug|x64.Deploy.0 = Debug|x64
		{608D6912-9DDD-41EF-8995-54B58147AD73}.Release|Win32.ActiveCfg = Release|Win32
		{608D6912-9DDD-41EF-8995-54B58147AD73}.Release|Win32.Build.0 = Release|Win32
		{608D6912-9DDD-41EF-8995-54B58147AD73}.Release|Win32.Deploy.0 = Release|Win32
		{608D6912-9DDD-41EF-8995-54B58147AD73}.Release|x64.ActiveCfg = Release|x64
		{608D6912-9DDD-41EF-8995-54B58147AD73}.Release|x64.Build.0 = Release|x64
		{608D6912-9DDD-41EF-8995-54B58147AD73}.Release|x64.Deploy.0 = Release|x64
		{CFBB62E2-7BB9-4BC1-9CBB-2CCB2530E4D5}.Debug|Win32.ActiveCfg = Debug|Win32
		{CFBB62E2-7BB9-4BC1-9CBB-2CCB2530E4D5}.Debug|Win32.Build.0 = Debug|Win32
		{CFBB62E2-7BB9-4BC1-9CBB-2CCB2530E4D5}.Debug|Win32.Deploy.0 = Debug|Win32
		{CFBB62E2-7BB9-4BC1-9CBB-2CCB2530E4D5}.Debug|x64.ActiveCfg = Debug|x64
		{CFBB62E2-7BB9-4BC1-9CBB-2CCB2530E4D5}.Debug|x64.Build.0 = Debug|x64
		{CFBB62E2-7BB9-4BC1-9CBB-2CCB2530E4D5}.Debug|x64.Deploy.0 = Debug|x64
		{CFBB62E2-7BB9-4BC1-9CBB-2CCB2530E4D5}.Release|Win32.ActiveCfg = Release|Win32
		{CFBB62E2-7BB9-4BC1-9CBB-2CCB2530E4D5}.Release|Win32.Build.0 = Release|Win32
		{CFBB62E2-7BB9-4BC1-9CBB-2CCB2530E4D5}.Release|Win32.Deploy.0 = Release|Win32
		{CFBB62E2-7BB9-4BC1-9CBB-2CCB2530E4D5}.Release|x64.ActiveCfg = Release|x64
		{CFBB62E2-7BB9-4BC1-9CBB-2CCB2530E4D5}.Release|x64.Build.0 = Release|x64
		{CFBB62E2-7BB9-4BC1-9CBB-2CCB2530E4D5}.Release|x64.Deploy.0 = Release|x64
		{2CC3AA4C-A112-4274-9082-20D66E506C08}.Debug|Win32.ActiveCfg = Debug|Win32
		{2CC3AA4C-A112-4274-9082-20D66E506C08}.Debug|Win32.Build.0 = Debug|Win32
		{2CC3AA4C-A112-4274-9082-20D66E506C08}.Debug|Win32.Deploy.0 = Debug|Win32
		{2CC3AA4C-A112-4274-9082-20D66E506C08}.Debug|x64.ActiveCfg = Debug|x64
		{2CC3AA4C-A112-4274-9082-20D66E506C08}.Debug|x64.Build.0 = Debug|x64
		{2CC3AA4C-A112-4274-9082-20D66E506C08}.Debug|x64.Deploy.0 = Debug|x64
		{2CC3AA4C-A112-4274-9082-20D66E506C08}.Release|Win32.ActiveCfg = Release|Win32
		{2CC3AA4C-A112-4274-9082-20D66E506C08}.Release|Win32.Build.0 = Release|Win32
		{2CC3AA4C-A112-4274-9082-20D66E506C08}.Release|Win32.Deploy.0 = Release|Win32
		{2CC3AA4C-A112-4274-9082-20D66E506C08}.Release|x64.ActiveCfg = Release|x64
		{2CC3AA4C-A112-4274-9082-20D66E506C08}.Release|x64.Build.0 = Release|x64
		{2CC3AA4C-A112-4274-9082-20D66E506C08}.Release|x64.Deploy.0 = Release|x64
		{050562E7-DE66-47B2-8276-DA98EEF8632A}.Debug|Win32.ActiveCfg = Debug|Win32
		{050562E7-DE66-47B2-8276-DA98EEF8632A}.Debug|Win32.Build.0 = Debug|Win32
		{050562E7-DE66-47B2-8276-DA98EEF8632A}.Debug|Win32.Deploy.0 = Debug|Win32
		{050562E7-DE66-47B2-8276-DA98EEF8632A}.Debug|x64.ActiveCfg = Debug|x64
		{050562E7-DE66-47B2-8276-DA98EEF8632A}.Debug|x64.Build.0 = Debug|x64
		{050562E7-DE66-47B2-8276-DA98EEF8632A}.Debug|x64.Deploy.0 = Debug|x64
		{050562E7-DE66-47B2-8276-DA98EEF8632A}.Release|Win32.ActiveCfg = Release|Win32
		{050562E7-DE66-47B2-8276-DA98EEF8632A}.Release|Win32.Build.0 = Release|Win32
		{050562E7-DE66-47B2-8276-DA98EEF8632A}.Release|Win32.Deploy.0 = Release|Win32
		{050562E7-DE66-47B2-8276-DA98EEF8632A}.Release|x64.ActiveCfg = Release|x64
		{050562E7-DE66-47B2-8276-DA98EEF8632A}.Release|x64.Build.0 = Release|x64
		{050562E7-DE66-47B2-8276-DA98EEF8632A}.Release|x64.Deploy.0 = Release|x64
		{5DBE225B-EB78-4C5C-A64D-8B01A68F7E4B}.Debug|Win32.ActiveCfg = Debug|Win32
		{5DBE225B-EB78-4C5C-A64D-8B01A68F7E4B}.Debug|Win32.Build.0 = Debug|Win32
		{5DBE225B-EB78-4C5C-A64D-8B01A68F7E4B}.Debug|Win32.Deploy.0 = Debug|Win32
		{5DBE225B-EB78-4C5C-A64D-8B01A68F7E4B}.Debug|x64.ActiveCfg = Debug|x64
		{5DBE225B-EB78-4C5C-A64D-8B01A68F7E4B}.Debug|x64.Build.0 = Debug|x64
		{5DBE225B-EB78-4C5C-A64D-8B01A68F7E4B}.Debug|x64.Deploy.0 = Debug|x64
		{5DBE225B-EB78-4C5C-A64D-8B01A68F7E4B}.Release|Win32.ActiveCfg = Release|Win32
		{5DBE225B-EB78-4C5C-A64D-8B01A68F7E4B}.Release|Win32.Build.0 = Release|Win32
		{5DBE225B-EB78-4C5C-A64D-8B01A68F7E4B}.Release|Win32.Deploy.0 = Release|Win32
		{5DBE225B-EB78-4C5C-A64D-8B01A68F7E4B}.Release|x64.ActiveCfg = Release|x64
		{5DBE225B-EB78-4C5C-A64D-8B01A68F7E4B}.Release|x64.Build.0 = Release|x64
		{5DBE225B-EB78-4C5C-A64D-8B01A68F7E4B}.Release|x64.Deploy.0 = Release|x64
		{A4F086C8-D194-495C-86AB-0F4864083F58}.Debug|Win32.ActiveCfg = Debug|Win32
		{A4F086C8-D194-495C-86AB-0F4864083F58}.Debug|Win32.Build.0 = Debug|Win32
		{A4F086C8-D194-495C-86AB-0F4864083F58}.Debug|Win32.Deploy.0 = Debug|Win32
		{A4F086C8-D194-495C-86AB-0F4864083F58}.Debug|x64.ActiveCfg = Debug|x64
		{A4F086C8-D194-495C-86AB-0F4864083F58}.Debug|x64.Build.0 = Debug|x64
		{A4F086C8-D194-495C-86AB-0F4864083F58}.Debug|x64.Deploy.0 = Debug|x64
		{A4F086C8-D194-495C-86AB-0F4864083F58}.Release|Win32.ActiveCfg = Release|Win32
		{A4F086C8-D194-495C-86AB-0F4864083F58}.Release|Win32.Build.0 = Release|Win32
		{A4F086C8-D194-495C-86AB-0F4864083F58}.Release|Win32.Deploy.0 = Release|Win32
		{A4F086C8-D194-495C-86AB-0F4864083F58}.Release|x64.ActiveCfg = Release|x64
		{A4F086C8-D194-495C-86AB-0F4864083F58}.Release|x64.Build.0 = Release|x64
		{A4F086C8-D194-495C-86AB-0F4864083F58}.Release|x64.Deploy.0 = Release|x64
		{AFE42005-42E1-4A20-B4CD-4F1E3BCA2350}.Debug|Win32.ActiveCfg = Debug|Win32
		{AFE42005-42E1-4A20-B4CD-4F1E3BCA2350}.Debug|Win32.Build.0 = Debug|Win32
		{AFE42005-42E1-4A20-B4CD-4F1E3BCA2350}.Debug|Win32.Deploy.0 = Debug|Win32
		{AFE42005-42E1-4A20-B4CD-4F1E3BCA2350}.Debug|x64.ActiveCfg = Debug|x64
		{AFE42005-42E1-4A20-B4CD-4F1E3BCA2350}.Debug|x64.Build.0 = Debug|x64
		{AFE42005-42E1-4A20-B4CD-4F1E3BCA2350}.Debug|x64.Deploy.0 = Debug|x64
		{AFE42005-42E1-4A20-B4CD-4F1E3BCA2350}.Release|Win32.ActiveCfg = Release|Win32
		{AFE42005-42E1-4A20-B4CD-4F1E3BCA2350}.Release|Win32.Build.0 = Release|Win32
		{AFE42005-42E1-4A20-B4CD-4F1E3BCA2350}.Release|Win32.Deploy.0 = Release|Win32
		{AFE42005-42E1-4A20-B4CD-4F1E3BCA2350}.Release|x64.ActiveCfg = Release|x64
		{AFE42005-42E1-4A20-B4CD-4F1E3BCA2350}.Release|x64.Build.0 = Release|x64
		{AFE42005-42E1-4A20-B4CD-4F1E3BCA2350}.Release|x64.Deploy.0 = Release|x64
		{52A6F0C0-CE90-4C95-AE38-1D3A725D3C1F}.Debug|Win32.ActiveCfg = Debug|Win32
		{52A6F0C0-CE90-4C95-AE38-1D3A725D3C1F}.Debug|Win32.Build.0 = Debug|Win32
		{52A6F0C0-CE90-4C95-AE38-1D3A725D3C1F}.Debug|Win32.Deploy.0 = Debug|Win32
		{52A6F0C0-CE90-4C95-AE38-1D3A725D3C1F}.Debug|x64.ActiveCfg = Debug|x64
		{52A6F0C0-CE90-4C95-AE38-1D3A725D3C1F}.Debug|x64.Build.0 = Debug|x64
		{52A6F0C0-CE90-4C95-AE38-1D3A725D3C1F}.Debug|x64.Deploy.0 = Debug|x64
		{52A6F0C0-CE90-4C95-AE38-1D3A725D3C1F}.Release|Win32.ActiveCfg = Release|Win32
		{52A6F0C0-CE90-4C95-AE38-1D3A725D3C1F}.Release|Win32.Build.0 = Release|Win32
		{52A6F0C0-CE90-4C95-AE38-1D3A725D3C1F}.Release|Win32.Deploy.0 = Release|Win32
		{52A6F0C0-CE90-4C95-AE38-1D3A725D3C1F}.Release|x64.ActiveCfg = Release|x64
		{52A6F0C0-CE90-4C95-AE38-1D3A725D3C1F}.Release|x64.Build.0 = Release|x64
		{52A6F0C0-CE90-4C95-AE38-1D3A725D3C1F}.Release|x64.Deploy.0 = Release|x64
		{FFE26425-6351-4FE3-8C97-799B62698178}.Debug|Win32.ActiveCfg = Debug|Win32
		{FFE26425-6351-4FE3-8C97-799B62698178}.Debug|Win32.Build.0 = Debug|Win32
		{FFE26425-6351-4FE3-8C97-799B62698178}.Debug|Win32.Deploy.0 = Debug|Win32
		{FFE26425-6351-4FE3-8C97-799B62698178}.Debug|x64.ActiveCfg = Debug|x64
		{FFE26425-6351-4FE3-8C97-799B62698178}.Debug|x64.Build.0 = Debug|x64
		{FFE26425-6351-4FE3-8C97-799B62698178}.Debug|x64.Deploy.0 = Debug|x64
		{FFE26425-6351-4FE3-8C97-799B62698178}.Release|Win32.ActiveCfg = Release|Win32
		{FFE26425-6351-4FE3-8C97-799B62698178}.Release|Win32.Build.0 = Release|Win32
		{FFE26425-6351-4FE3-8C97-799B62698178}.Release|Win32.Deploy.0 = Release|Win32
		{FFE26425-6351-4FE3-8C97-799B62698178}.Release|x64.ActiveCfg = Release|x64
		{FFE26425-6351-4FE3-8C97-799B62698178}.Release|x64.Build.0 = Release|x64
		{FFE26425-6351-4FE3-8C97-799B62698178}.Release|x64.Deploy.0 = Release|x64
		{271CE263-864B-4E09-9D51-1C61BC78BD8D}.Debug|Win32.ActiveCfg = Debug|Win32
		{271CE263-864B-4E09-9D51-1C61BC78BD8D}.Debug|Win32.Build.0 = Debug|Win32
		{271CE263-864B-4E09-9D51-1C61BC78BD8D}.Debug|Win32.Deploy.0 = Debug|Win32
		{271CE263-864B-4E09-9D51-1C61BC78BD8D}.Debug|x64.ActiveCfg = Debug|x64
		{271CE263-864B-4E09-9D51-1C61BC78BD8D}.Debug|x64.Build.0 = Debug|x64
		{271CE263-864B-4E09-9D51-1C61BC78BD8D}.Debug|x64.Deploy.0 = Debug|x64
		{271CE263-864B-4E09-9D51-1C61BC78BD8D}.Release|Win32.ActiveCfg = Release|Win32
		{271CE263-864B-4E09-9D51-1C61BC78BD8D}.Release|Win32.Build.0 = Release|Win32
		{271CE263-864B-4E09-9D51-1C61BC78BD8D}.Release|Win32.Deploy.0 = Release|Win32
		{271CE263-864B-4E09-9D51-1C61BC78BD8D}.Release|x64.ActiveCfg = Release|x64
		{271CE263-864B-4E09-9D51-1C61BC78BD8D}.Release|x64.Build.0 = Release|x64
		{271CE263-864B-4E09-9D51-1C61BC78BD8D}.Release|x64.Deploy.0 = Release|x64
		{34F977AE-AF15-4E5F-8173-1DB5067352D6}.Debug|Win32.ActiveCfg = Debug|Win32
		{34F977AE-AF15-4E5F-8173-1DB5067352D6}.Debug|Win32.Build.0 = Debug|Win32
		{34F977AE-AF15-4E5F-8173-1DB5067352D6}.Debug|Win32.Deploy.0 = Debug|Win32
		{34F977AE-AF15-4E5F-8173-1DB5067352D6}.Debug|x64.ActiveCfg = Debug|x64
		{34F977AE-AF15-4E5F-8173-1DB5067352D6}.Debug|x64.Build.0 = Debug|x64
		{34F977AE-AF15-4E5F-8173-1DB5067352D6}.Debug|x64.Deploy.0 = Debug|x64
		{34F977AE-AF15-4E5F-8173-1DB5067352D6}.Release|Win32.ActiveCfg = Release|Win32
		{34F977AE-AF15-4E5F-8173-1DB5067352D6}.Release|Win32.Build.0 = Release|Win32
		{34F977AE-AF15-4E5F-8173-1DB5067352D6}.Release|Win32.Deploy.0 = Release|Win32
		{34F977AE-AF15-4E5F-8173-1DB5067352D6}.Release|x64.ActiveCfg = Release|x64
		{34F977AE-AF15-4E5F-8173-1DB5067352D6}.Release|x64.Build.0 = Release|x64
		{34F977AE-AF15-4E5F-8173-1DB5067352D6}.Release|x64.Deploy.0 = Release|x64
		{CACE208F-7392-4D86-B2C1-2848F80B9E9C}.Debug|Win32.ActiveCfg = Debug|Win32
		{CACE208F-7392-4D86-B2C1-2848F80B9E9C}.Debug|Win32.Build.0 = Debug|Win32
		{CACE208F-7392-4D86-B2C1-2848F80B9E9C}.Debug|Win32.Deploy.0 = Debug|Win32
		{CACE208F-7392-4D86-B2C1-2848F80B9E9C}.Debug|x64.ActiveCfg = Debug|x64
		{CACE208F-7392-4D86-B2C1-2848F80B9E9C}.Debug|x64.Build.0 = Debug|x64
		{CACE208F-7392-4D86-B2C1-2848F80B9E9C}.Debug|x64.Deploy.0 = Debug|x64
		{CACE208F-7392-4D86-B2C1-2848F80B9E9C}.Release|Win32.ActiveCfg = Release|Win32
		{CACE208F-7392-4D86-B2C1-2848F80B9E9C}.Release|Win32.Build.0 = Release|Win32
		{CACE208F-7392-4D86-B2C1-2848F80B9E9C}.Release|Win32.Deploy.0 = Release|Win32
		{CACE208F-7392-4D86-B2C1-2848F80B9E9C}.Release|x64.ActiveCfg = Release|x64
		{CACE208F-7392-4D86-B2C1-2848F80B9E9C}.Release|x64.Build.0 = Release|x64
		{CACE208F-7392-4D86-B2C1-2848F80B9E9C}.Release|x64.Deploy.0 = Release|x64
		{B0ADAD0B-2543-4036-BFA0-E45733F7A3AC}.Debug|Win32.ActiveCfg = Debug|Win32
		{B0ADAD0B-2543-4036-BFA0-E45733F7A3AC}.Debug|Win32.Build.0 = Debug|Win32
		{B0ADAD0B-2543-4036-BFA0-E45733F7A3AC}.Debug|Win32.Deploy.0 = Debug|Win32
		{B0ADAD0B-2543-4036-BFA0-E45733F7A3AC}.Debug|x64.ActiveCfg = Debug|x64
		{B0ADAD0B-2543-4036-BFA0-E45733F7A3AC}.Debug|x64.Build.0 = Debug|x64
		{B0ADAD0B-2543-4036-BFA0-E45733F7A3AC}.Debug|x64.Deploy.0 = Debug|x64
		{B0ADAD0B-2543-4036-BFA0-E45733F7A3AC}.Release|Win32.ActiveCfg = Release|Win32
		{B0ADAD0B-2543-4036-BFA0-E45733F7A3AC}.Release|Win32.Build.0 = Release|Win32
		{B0ADAD0B-2543-4036-BFA0-E45733F7A3AC}.Release|Win32.Deploy.0 = Release|Win32
		{B0ADAD0B-2543-4036-BFA0-E45733F7A3AC}.Release|x64.ActiveCfg = Release|x64
		{B0ADAD0B-2543-4036-BFA0-E45733F7A3AC}.Release|x64.Build.0 = Release|x64
		{B0ADAD0B-2543-4036-BFA0-E45733F7A3AC}.Release|x64.Deploy.0 = Release|x64
		{B3A648D8-7313-4036-B802-C7DD260B0180}.Debug|Win32.ActiveCfg = Debug|Win32
		{B3A648D8-7313-4036-B802-C7DD260B0180}.Debug|Win32.Build.0 = Debug|Win32
		{B3A648D8-7313-4036-B802-C7DD260B0180}.Debug|Win32.Deploy.0 = Debug|Win32
		{B3A648D8-7313-4036-B802-C7DD260B0180}.Debug|x64.ActiveCfg = Debug|x64
		{B3A648D8-7313-4036-B802-C7DD260B0180}.Debug|x64.Build.0 = Debug|x64
		{B3A648D8-7313-4036-B802-C7DD260B0180}.Debug|x64.Deploy.0 = Debug|x64
		{B3A648D8-7313-4036-B802-C7DD260B0180}.Release|Win32.ActiveCfg = Release|Win32
		{B3A648D8-7313-4036-B802-C7DD260B0180}.Release|Win32.Build.0 = Release|Win32
		{B3A648D8-7313-4036-B802-C7DD260B0180}.Release|Win32.Deploy.0 = Release|Win32
		{B3A648D8-7313-4036-B802-C7DD260B0180}.Release|x64.ActiveCfg = Release|x64
		{B3A648D8-7313-4036-B802-C7DD260B0180}.Release|x64.Build.0 = Release|x64
		{B3A648D8-7313-4036-B802-C7DD260B0180}.Release|x64.Deploy.0 = Release|x64
		{37012490-5552-4FE5-AE5B-A76D716A0CCA}.Debug|Win32.ActiveCfg = Debug|Win32
		{37012490-5552-4FE5-AE5B-A76D716A0CCA}.Debug|Win32.Build.0 = Debug|Win32
		{37012490-5552-4FE5-AE5B-A76D716A0CCA}.Debug|Win32.Deploy.0 = Debug|Win32
		{37012490-5552-4FE5-AE5B-A76D716A0CCA}.Debug|x64.ActiveCfg = Debug|x64
		{37012490-5552-4FE5-AE5B-A76D716A0CCA}.Debug|x64.Build.0 = Debug|x64
		{37012490-5552-4FE5-AE5B-A76D716A0CCA}.Debug|x64.Deploy.0 = Debug|x64
		{37012490-5552-4FE5-AE5B-A76D716A0CCA}.Release|Win32.ActiveCfg = Release|Win32
		{37012490-5552-4FE5-AE5B-A76D716A0CCA}.Release|Win32.Build.0 = Release|Win32
		{37012490-5552-4FE5-AE5B-A76D716A0CCA}.Release|Win32.Deploy.0 = Release|Win32
		{37012490-5552-4FE5-AE5B-A76D716A0CCA}.Release|x64.ActiveCfg = Release|x64
		{37012490-5552-4FE5-AE5B-A76D716A0CCA}.Release|x64.Build.0 = Release|x64
		{37012490-5552-4FE5-AE5B-A76D716A0CCA}.Release|x64.Deploy.0 = Release|x64
		{D29648B7-755D-43B4-BE4D-CF955A5F7C20}.Debug|Win32.ActiveCfg = Debug|Win32
		{D29648B7-755D-43B4-BE4D-CF955A5F7C20}.Debug|Win32.Build.0 = Debug|Win32
		{D29648B7-755D-43B4-BE4D-CF955A5F7C20}.Debug|Win32.Deploy.0 = Debug|Win32
		{D29648B7-755D-43B4-BE4D-CF955A5F7C20}.Debug|x64.ActiveCfg = Debug|x64
		{D29648B7-755D-43B4-BE4D-CF955A5F7C20}.Debug|x64.Build.0 = Debug|x64
		{D29648B7-755D-43B4-BE4D-CF955A5F7C20}.Debug|x64.Deploy.0 = Debug|x64
		{D29648B7-755D-43B4-BE4D-CF955A5F7C20}.Release|Win32.ActiveCfg = Release|Win32
		{D29648B7-755D-43B4-BE4D-CF955A5F7C20}.Release|Win32.Build.0 = Release|Win32
		{D29648B7-755D-43B4-BE4D-CF955A5F7C20}.Release|Win32.Deploy.0 = Release|Win32
		{D29648B7-755D-43B4-BE4D-CF955A5F7C20}.Release|x64.ActiveCfg = Release|x64
		{D29648B7-755D-43B4-BE4D-CF955A5F7C20}.Release|x64.Build.0 = Release|x64
		{D29648B7-755D-43B4-BE4D-CF955A5F7C20}.Release|x64.Deploy.0 = Release|x64
		{CD38A586-CDEC-428F-8607-2EF37B9B0CFD}.Debug|Win32.ActiveCfg = Debug|Win32
		{CD38A586-CDEC-428F-8607-2EF37B9B0CFD}.Debug|Win32.Build.0 = Debug|Win32
		{CD38A586-CDEC-428F-8607-2EF37B9B0CFD}.Debug|Win32.Deploy.0 = Debug|Win32
		{CD38A586-CDEC-428F-8607-2EF37B9B0CFD}.Debug|x64.ActiveCfg = Debug|x64
		{CD38A586-CDEC-428F-8607-2EF37B9B0CFD}.Debug|x64.Build.0 = Debug|x64
		{CD38A586-CDEC-428F-8607-2EF37B9B0CFD}.Debug|x64.Deploy.0 = Debug|x64
		{CD38A586-CDEC-428F-8607-2EF37B9B0CFD}.Release|Win32.ActiveCfg = Release|Win32
		{CD38A586-CDEC-428F-8607-2EF37B9B0CFD}.Release|Win32.Build.0 = Release|Win32
		{CD38A586-CDEC-428F-8607-2EF37B9B0CFD}.Release|Win32.Deploy.0 = Release|Win32
		{CD38A586-CDEC-428F-8607-2EF37B9B0CFD}.Release|x64.ActiveCfg = Release|x64
		{CD38A586-CDEC-428F-8607-2EF37B9B0CFD}.Release|x64.Build.0 = Release|x64
		{CD38A586-CDEC-428F-8607-2EF37B9B0CFD}.Release|x64.Deploy.0 = Release|x64
	EndGlobalSection
	GlobalSection(SolutionProperties) = preSolution
		HideSolutionNode = FALSE
	EndGlobalSection
EndGlobal
